<Solution>
  <Project Path="GestionPersonal.Application/GestionPersonal.Application.csproj" />
  <Project Path="GestionPersonal.Constants/GestionPersonal.Constants.csproj" />
  <Project Path="GestionPersonal.Domain/GestionPersonal.Domain.csproj" />
  <Project Path="GestionPersonal.Helpers/GestionPersonal.Helpers.csproj" />
  <Project Path="GestionPersonal.Infrastructure/GestionPersonal.Infrastructure.csproj" />
  <Project Path="GestionPersonal.Models/GestionPersonal.Models.csproj" />
  <Project Path="GestionPersonal.Web/GestionPersonal.Web.csproj" />
</Solution>
